// !$*UTF8*$!
{
	archiveVersion = 1;
	classes = {
	};
	objectVersion = 51;
	objects = {

/* Begin PBXBuildFile section */
		28381EA926C7068F00B10B61 /* AppDelegate.swift in Sources */ = {isa = PBXBuildFile; fileRef = 28381EA826C7068F00B10B61 /* AppDelegate.swift */; };
		28381EAB26C7068F00B10B61 /* SceneDelegate.swift in Sources */ = {isa = PBXBuildFile; fileRef = 28381EAA26C7068F00B10B61 /* SceneDelegate.swift */; };
		28381EB226C7069200B10B61 /* Assets.xcassets in Resources */ = {isa = PBXBuildFile; fileRef = 28381EB126C7069200B10B61 /* Assets.xcassets */; };
		28381EB526C7069200B10B61 /* LaunchScreen.storyboard in Resources */ = {isa = PBXBuildFile; fileRef = 28381EB326C7069200B10B61 /* LaunchScreen.storyboard */; };
		28381EC026C7069200B10B61 /* BTGPactualMobileChallengerTests.swift in Sources */ = {isa = PBXBuildFile; fileRef = 28381EBF26C7069200B10B61 /* BTGPactualMobileChallengerTests.swift */; };
		28381ECB26C7069200B10B61 /* BTGPactualMobileChallengerUITests.swift in Sources */ = {isa = PBXBuildFile; fileRef = 28381ECA26C7069200B10B61 /* BTGPactualMobileChallengerUITests.swift */; };
		28381EE326C7087400B10B61 /* MainViewController.swift in Sources */ = {isa = PBXBuildFile; fileRef = 28381EE126C7087400B10B61 /* MainViewController.swift */; };
		28381EE626C708B300B10B61 /* MainRouter.swift in Sources */ = {isa = PBXBuildFile; fileRef = 28381EE526C708B300B10B61 /* MainRouter.swift */; };
		28381EEA26CFDFCD00B10B61 /* MainPresenter.swift in Sources */ = {isa = PBXBuildFile; fileRef = 28381EE926CFDFCD00B10B61 /* MainPresenter.swift */; };
		28381EEC26CFE04200B10B61 /* MainIteractor.swift in Sources */ = {isa = PBXBuildFile; fileRef = 28381EEB26CFE04200B10B61 /* MainIteractor.swift */; };
		28381EEF26CFE38A00B10B61 /* Currency.swift in Sources */ = {isa = PBXBuildFile; fileRef = 28381EEE26CFE38A00B10B61 /* Currency.swift */; };
		28381EF126CFEA7400B10B61 /* APIRouter.swift in Sources */ = {isa = PBXBuildFile; fileRef = 28381EF026CFEA7400B10B61 /* APIRouter.swift */; };
		28381EF426CFEB3400B10B61 /* APIService.swift in Sources */ = {isa = PBXBuildFile; fileRef = 28381EF326CFEB3400B10B61 /* APIService.swift */; };
		284A898C26EF834A00FB88D5 /* TargetContainerComponentView.swift in Sources */ = {isa = PBXBuildFile; fileRef = 284A898B26EF834A00FB88D5 /* TargetContainerComponentView.swift */; };
		284A898E26EF8F6B00FB88D5 /* OrigimContainerComponentView.swift in Sources */ = {isa = PBXBuildFile; fileRef = 284A898D26EF8F6B00FB88D5 /* OrigimContainerComponentView.swift */; };
		284A899026EF980D00FB88D5 /* BtgLogoContainerComponentView.swift in Sources */ = {isa = PBXBuildFile; fileRef = 284A898F26EF980D00FB88D5 /* BtgLogoContainerComponentView.swift */; };
		284C03E226DEC8EB009B6221 /* MainViewControllerScreen.swift in Sources */ = {isa = PBXBuildFile; fileRef = 284C03E126DEC8EB009B6221 /* MainViewControllerScreen.swift */; };
		284C03E426DECA85009B6221 /* MainViewControllerScreenSpec.swift in Sources */ = {isa = PBXBuildFile; fileRef = 284C03E326DECA85009B6221 /* MainViewControllerScreenSpec.swift */; };
		284EBBDE26DD5011002BB88B /* ButtomContainerComponentView.swift in Sources */ = {isa = PBXBuildFile; fileRef = 284EBBDD26DD5011002BB88B /* ButtomContainerComponentView.swift */; };
		284EBBE026DD5249002BB88B /* DropDownComponentViewSpec.swift in Sources */ = {isa = PBXBuildFile; fileRef = 284EBBDF26DD5249002BB88B /* DropDownComponentViewSpec.swift */; };
		285392CF26F28C21009FB5CC /* UIColor+extensions.swift in Sources */ = {isa = PBXBuildFile; fileRef = 285392CE26F28C21009FB5CC /* UIColor+extensions.swift */; };
		2866BC6426D92AF10042A8F0 /* ReusableIdentifier.swift in Sources */ = {isa = PBXBuildFile; fileRef = 2866BC6326D92AF10042A8F0 /* ReusableIdentifier.swift */; };
		2866BC6726D92C960042A8F0 /* Section.swift in Sources */ = {isa = PBXBuildFile; fileRef = 2866BC6626D92C960042A8F0 /* Section.swift */; };
		2866BC6926D92CDB0042A8F0 /* SectionOutput.swift in Sources */ = {isa = PBXBuildFile; fileRef = 2866BC6826D92CDB0042A8F0 /* SectionOutput.swift */; };
		2866BC6B26D92E710042A8F0 /* SectionInput.swift in Sources */ = {isa = PBXBuildFile; fileRef = 2866BC6A26D92E710042A8F0 /* SectionInput.swift */; };
		28FACA1626DD2C630020B7D8 /* CodeView.swift in Sources */ = {isa = PBXBuildFile; fileRef = 28FACA1526DD2C630020B7D8 /* CodeView.swift */; };
		47A9FAD0286B26829E7BA507 /* Pods_BTGPactualMobileChallenger.framework in Frameworks */ = {isa = PBXBuildFile; fileRef = 9967CC738D9FAC740F2BA72A /* Pods_BTGPactualMobileChallenger.framework */; };
		657A3AFE2A6B521B57647F41 /* Pods_BTGPactualMobileChallengerTests.framework in Frameworks */ = {isa = PBXBuildFile; fileRef = 8E20741F50CAEC66F020FBDA /* Pods_BTGPactualMobileChallengerTests.framework */; };
		6B839D30630E951CCAA47EAE /* Pods_BTGPactualMobileChallenger_BTGPactualMobileChallengerUITests.framework in Frameworks */ = {isa = PBXBuildFile; fileRef = F8CFA3403EBC3D0B0AA17826 /* Pods_BTGPactualMobileChallenger_BTGPactualMobileChallengerUITests.framework */; };
/* End PBXBuildFile section */

/* Begin PBXContainerItemProxy section */
		28381EBC26C7069200B10B61 /* PBXContainerItemProxy */ = {
			isa = PBXContainerItemProxy;
			containerPortal = 28381E9D26C7068F00B10B61 /* Project object */;
			proxyType = 1;
			remoteGlobalIDString = 28381EA426C7068F00B10B61;
			remoteInfo = BTGPactualMobileChallenger;
		};
		28381EC726C7069200B10B61 /* PBXContainerItemProxy */ = {
			isa = PBXContainerItemProxy;
			containerPortal = 28381E9D26C7068F00B10B61 /* Project object */;
			proxyType = 1;
			remoteGlobalIDString = 28381EA426C7068F00B10B61;
			remoteInfo = BTGPactualMobileChallenger;
		};
/* End PBXContainerItemProxy section */

/* Begin PBXFileReference section */
		1B43995B25D65290DA62FCE2 /* Pods-BTGPactualMobileChallenger-BTGPactualMobileChallengerUITests.debug.xcconfig */ = {isa = PBXFileReference; includeInIndex = 1; lastKnownFileType = text.xcconfig; name = "Pods-BTGPactualMobileChallenger-BTGPactualMobileChallengerUITests.debug.xcconfig"; path = "Target Support Files/Pods-BTGPactualMobileChallenger-BTGPactualMobileChallengerUITests/Pods-BTGPactualMobileChallenger-BTGPactualMobileChallengerUITests.debug.xcconfig"; sourceTree = "<group>"; };
		262C7CC39F35060E6D849E5F /* Pods-BTGPactualMobileChallenger.release.xcconfig */ = {isa = PBXFileReference; includeInIndex = 1; lastKnownFileType = text.xcconfig; name = "Pods-BTGPactualMobileChallenger.release.xcconfig"; path = "Target Support Files/Pods-BTGPactualMobileChallenger/Pods-BTGPactualMobileChallenger.release.xcconfig"; sourceTree = "<group>"; };
		28381EA526C7068F00B10B61 /* BTGPactualMobileChallenger.app */ = {isa = PBXFileReference; explicitFileType = wrapper.application; includeInIndex = 0; path = BTGPactualMobileChallenger.app; sourceTree = BUILT_PRODUCTS_DIR; };
		28381EA826C7068F00B10B61 /* AppDelegate.swift */ = {isa = PBXFileReference; lastKnownFileType = sourcecode.swift; path = AppDelegate.swift; sourceTree = "<group>"; };
		28381EAA26C7068F00B10B61 /* SceneDelegate.swift */ = {isa = PBXFileReference; lastKnownFileType = sourcecode.swift; path = SceneDelegate.swift; sourceTree = "<group>"; };
		28381EB126C7069200B10B61 /* Assets.xcassets */ = {isa = PBXFileReference; lastKnownFileType = folder.assetcatalog; path = Assets.xcassets; sourceTree = "<group>"; };
		28381EB426C7069200B10B61 /* Base */ = {isa = PBXFileReference; lastKnownFileType = file.storyboard; name = Base; path = Base.lproj/LaunchScreen.storyboard; sourceTree = "<group>"; };
		28381EB626C7069200B10B61 /* Info.plist */ = {isa = PBXFileReference; lastKnownFileType = text.plist.xml; path = Info.plist; sourceTree = "<group>"; };
		28381EBB26C7069200B10B61 /* BTGPactualMobileChallengerTests.xctest */ = {isa = PBXFileReference; explicitFileType = wrapper.cfbundle; includeInIndex = 0; path = BTGPactualMobileChallengerTests.xctest; sourceTree = BUILT_PRODUCTS_DIR; };
		28381EBF26C7069200B10B61 /* BTGPactualMobileChallengerTests.swift */ = {isa = PBXFileReference; lastKnownFileType = sourcecode.swift; path = BTGPactualMobileChallengerTests.swift; sourceTree = "<group>"; };
		28381EC126C7069200B10B61 /* Info.plist */ = {isa = PBXFileReference; lastKnownFileType = text.plist.xml; path = Info.plist; sourceTree = "<group>"; };
		28381EC626C7069200B10B61 /* BTGPactualMobileChallengerUITests.xctest */ = {isa = PBXFileReference; explicitFileType = wrapper.cfbundle; includeInIndex = 0; path = BTGPactualMobileChallengerUITests.xctest; sourceTree = BUILT_PRODUCTS_DIR; };
		28381ECA26C7069200B10B61 /* BTGPactualMobileChallengerUITests.swift */ = {isa = PBXFileReference; lastKnownFileType = sourcecode.swift; path = BTGPactualMobileChallengerUITests.swift; sourceTree = "<group>"; };
		28381ECC26C7069200B10B61 /* Info.plist */ = {isa = PBXFileReference; lastKnownFileType = text.plist.xml; path = Info.plist; sourceTree = "<group>"; };
		28381EE126C7087400B10B61 /* MainViewController.swift */ = {isa = PBXFileReference; lastKnownFileType = sourcecode.swift; path = MainViewController.swift; sourceTree = "<group>"; };
		28381EE526C708B300B10B61 /* MainRouter.swift */ = {isa = PBXFileReference; lastKnownFileType = sourcecode.swift; path = MainRouter.swift; sourceTree = "<group>"; };
		28381EE926CFDFCD00B10B61 /* MainPresenter.swift */ = {isa = PBXFileReference; lastKnownFileType = sourcecode.swift; path = MainPresenter.swift; sourceTree = "<group>"; };
		28381EEB26CFE04200B10B61 /* MainIteractor.swift */ = {isa = PBXFileReference; lastKnownFileType = sourcecode.swift; path = MainIteractor.swift; sourceTree = "<group>"; };
		28381EEE26CFE38A00B10B61 /* Currency.swift */ = {isa = PBXFileReference; lastKnownFileType = sourcecode.swift; path = Currency.swift; sourceTree = "<group>"; };
		28381EF026CFEA7400B10B61 /* APIRouter.swift */ = {isa = PBXFileReference; lastKnownFileType = sourcecode.swift; path = APIRouter.swift; sourceTree = "<group>"; };
		28381EF326CFEB3400B10B61 /* APIService.swift */ = {isa = PBXFileReference; lastKnownFileType = sourcecode.swift; path = APIService.swift; sourceTree = "<group>"; };
		284A898B26EF834A00FB88D5 /* TargetContainerComponentView.swift */ = {isa = PBXFileReference; lastKnownFileType = sourcecode.swift; path = TargetContainerComponentView.swift; sourceTree = "<group>"; };
		284A898D26EF8F6B00FB88D5 /* OrigimContainerComponentView.swift */ = {isa = PBXFileReference; lastKnownFileType = sourcecode.swift; path = OrigimContainerComponentView.swift; sourceTree = "<group>"; };
		284A898F26EF980D00FB88D5 /* BtgLogoContainerComponentView.swift */ = {isa = PBXFileReference; lastKnownFileType = sourcecode.swift; path = BtgLogoContainerComponentView.swift; sourceTree = "<group>"; };
		284C03E126DEC8EB009B6221 /* MainViewControllerScreen.swift */ = {isa = PBXFileReference; lastKnownFileType = sourcecode.swift; path = MainViewControllerScreen.swift; sourceTree = "<group>"; };
		284C03E326DECA85009B6221 /* MainViewControllerScreenSpec.swift */ = {isa = PBXFileReference; lastKnownFileType = sourcecode.swift; path = MainViewControllerScreenSpec.swift; sourceTree = "<group>"; };
		284EBBDD26DD5011002BB88B /* ButtomContainerComponentView.swift */ = {isa = PBXFileReference; lastKnownFileType = sourcecode.swift; path = ButtomContainerComponentView.swift; sourceTree = "<group>"; };
		284EBBDF26DD5249002BB88B /* DropDownComponentViewSpec.swift */ = {isa = PBXFileReference; lastKnownFileType = sourcecode.swift; path = DropDownComponentViewSpec.swift; sourceTree = "<group>"; };
		285392CE26F28C21009FB5CC /* UIColor+extensions.swift */ = {isa = PBXFileReference; lastKnownFileType = sourcecode.swift; path = "UIColor+extensions.swift"; sourceTree = "<group>"; };
		2866BC6326D92AF10042A8F0 /* ReusableIdentifier.swift */ = {isa = PBXFileReference; lastKnownFileType = sourcecode.swift; path = ReusableIdentifier.swift; sourceTree = "<group>"; };
		2866BC6626D92C960042A8F0 /* Section.swift */ = {isa = PBXFileReference; lastKnownFileType = sourcecode.swift; path = Section.swift; sourceTree = "<group>"; };
		2866BC6826D92CDB0042A8F0 /* SectionOutput.swift */ = {isa = PBXFileReference; lastKnownFileType = sourcecode.swift; path = SectionOutput.swift; sourceTree = "<group>"; };
		2866BC6A26D92E710042A8F0 /* SectionInput.swift */ = {isa = PBXFileReference; lastKnownFileType = sourcecode.swift; path = SectionInput.swift; sourceTree = "<group>"; };
		28FACA1526DD2C630020B7D8 /* CodeView.swift */ = {isa = PBXFileReference; lastKnownFileType = sourcecode.swift; path = CodeView.swift; sourceTree = "<group>"; };
		3379CEE49A2EAEFB33E1FA82 /* Pods-BTGPactualMobileChallengerTests.debug.xcconfig */ = {isa = PBXFileReference; includeInIndex = 1; lastKnownFileType = text.xcconfig; name = "Pods-BTGPactualMobileChallengerTests.debug.xcconfig"; path = "Target Support Files/Pods-BTGPactualMobileChallengerTests/Pods-BTGPactualMobileChallengerTests.debug.xcconfig"; sourceTree = "<group>"; };
		77B33DFE69F8E6E54F5C2539 /* Pods-BTGPactualMobileChallenger-BTGPactualMobileChallengerUITests.release.xcconfig */ = {isa = PBXFileReference; includeInIndex = 1; lastKnownFileType = text.xcconfig; name = "Pods-BTGPactualMobileChallenger-BTGPactualMobileChallengerUITests.release.xcconfig"; path = "Target Support Files/Pods-BTGPactualMobileChallenger-BTGPactualMobileChallengerUITests/Pods-BTGPactualMobileChallenger-BTGPactualMobileChallengerUITests.release.xcconfig"; sourceTree = "<group>"; };
		8396BDC4826F65E7A8E62FE2 /* Pods-BTGPactualMobileChallengerTests.release.xcconfig */ = {isa = PBXFileReference; includeInIndex = 1; lastKnownFileType = text.xcconfig; name = "Pods-BTGPactualMobileChallengerTests.release.xcconfig"; path = "Target Support Files/Pods-BTGPactualMobileChallengerTests/Pods-BTGPactualMobileChallengerTests.release.xcconfig"; sourceTree = "<group>"; };
		8E20741F50CAEC66F020FBDA /* Pods_BTGPactualMobileChallengerTests.framework */ = {isa = PBXFileReference; explicitFileType = wrapper.framework; includeInIndex = 0; path = Pods_BTGPactualMobileChallengerTests.framework; sourceTree = BUILT_PRODUCTS_DIR; };
		8FC95840419CE13BA6EE5045 /* Pods-BTGPactualMobileChallenger.debug.xcconfig */ = {isa = PBXFileReference; includeInIndex = 1; lastKnownFileType = text.xcconfig; name = "Pods-BTGPactualMobileChallenger.debug.xcconfig"; path = "Target Support Files/Pods-BTGPactualMobileChallenger/Pods-BTGPactualMobileChallenger.debug.xcconfig"; sourceTree = "<group>"; };
		9967CC738D9FAC740F2BA72A /* Pods_BTGPactualMobileChallenger.framework */ = {isa = PBXFileReference; explicitFileType = wrapper.framework; includeInIndex = 0; path = Pods_BTGPactualMobileChallenger.framework; sourceTree = BUILT_PRODUCTS_DIR; };
		F8CFA3403EBC3D0B0AA17826 /* Pods_BTGPactualMobileChallenger_BTGPactualMobileChallengerUITests.framework */ = {isa = PBXFileReference; explicitFileType = wrapper.framework; includeInIndex = 0; path = Pods_BTGPactualMobileChallenger_BTGPactualMobileChallengerUITests.framework; sourceTree = BUILT_PRODUCTS_DIR; };
/* End PBXFileReference section */

/* Begin PBXFrameworksBuildPhase section */
		28381EA226C7068F00B10B61 /* Frameworks */ = {
			isa = PBXFrameworksBuildPhase;
			buildActionMask = 2147483647;
			files = (
				47A9FAD0286B26829E7BA507 /* Pods_BTGPactualMobileChallenger.framework in Frameworks */,
			);
			runOnlyForDeploymentPostprocessing = 0;
		};
		28381EB826C7069200B10B61 /* Frameworks */ = {
			isa = PBXFrameworksBuildPhase;
			buildActionMask = 2147483647;
			files = (
				657A3AFE2A6B521B57647F41 /* Pods_BTGPactualMobileChallengerTests.framework in Frameworks */,
			);
			runOnlyForDeploymentPostprocessing = 0;
		};
		28381EC326C7069200B10B61 /* Frameworks */ = {
			isa = PBXFrameworksBuildPhase;
			buildActionMask = 2147483647;
			files = (
				6B839D30630E951CCAA47EAE /* Pods_BTGPactualMobileChallenger_BTGPactualMobileChallengerUITests.framework in Frameworks */,
			);
			runOnlyForDeploymentPostprocessing = 0;
		};
/* End PBXFrameworksBuildPhase section */

/* Begin PBXGroup section */
		28381E9C26C7068F00B10B61 = {
			isa = PBXGroup;
			children = (
				28381EA726C7068F00B10B61 /* BTGPactualMobileChallenger */,
				28381EBE26C7069200B10B61 /* BTGPactualMobileChallengerTests */,
				28381EC926C7069200B10B61 /* BTGPactualMobileChallengerUITests */,
				28381EA626C7068F00B10B61 /* Products */,
				48B39053EEAD484F49DF583B /* Pods */,
				6894B953E89A7DF7C568BC16 /* Frameworks */,
			);
			sourceTree = "<group>";
		};
		28381EA626C7068F00B10B61 /* Products */ = {
			isa = PBXGroup;
			children = (
				28381EA526C7068F00B10B61 /* BTGPactualMobileChallenger.app */,
				28381EBB26C7069200B10B61 /* BTGPactualMobileChallengerTests.xctest */,
				28381EC626C7069200B10B61 /* BTGPactualMobileChallengerUITests.xctest */,
			);
			name = Products;
			sourceTree = "<group>";
		};
		28381EA726C7068F00B10B61 /* BTGPactualMobileChallenger */ = {
			isa = PBXGroup;
			children = (
				285392CD26F28C05009FB5CC /* extensions */,
				2866BC6126D92AC60042A8F0 /* Common */,
				2866BC5926D590680042A8F0 /* Entity */,
				28381EE726CFDF0F00B10B61 /* Network */,
				28381ED926C707E100B10B61 /* Modules */,
				28381ED826C706F400B10B61 /* AppDelegate */,
				28381EB126C7069200B10B61 /* Assets.xcassets */,
				28381EB326C7069200B10B61 /* LaunchScreen.storyboard */,
				28381EB626C7069200B10B61 /* Info.plist */,
			);
			path = BTGPactualMobileChallenger;
			sourceTree = "<group>";
		};
		28381EBE26C7069200B10B61 /* BTGPactualMobileChallengerTests */ = {
			isa = PBXGroup;
			children = (
				284C03E326DECA85009B6221 /* MainViewControllerScreenSpec.swift */,
				284EBBDF26DD5249002BB88B /* DropDownComponentViewSpec.swift */,
				28381EBF26C7069200B10B61 /* BTGPactualMobileChallengerTests.swift */,
				28381EC126C7069200B10B61 /* Info.plist */,
			);
			path = BTGPactualMobileChallengerTests;
			sourceTree = "<group>";
		};
		28381EC926C7069200B10B61 /* BTGPactualMobileChallengerUITests */ = {
			isa = PBXGroup;
			children = (
				28381ECA26C7069200B10B61 /* BTGPactualMobileChallengerUITests.swift */,
				28381ECC26C7069200B10B61 /* Info.plist */,
			);
			path = BTGPactualMobileChallengerUITests;
			sourceTree = "<group>";
		};
		28381ED826C706F400B10B61 /* AppDelegate */ = {
			isa = PBXGroup;
			children = (
				28381EA826C7068F00B10B61 /* AppDelegate.swift */,
				28381EAA26C7068F00B10B61 /* SceneDelegate.swift */,
			);
			path = AppDelegate;
			sourceTree = "<group>";
		};
		28381ED926C707E100B10B61 /* Modules */ = {
			isa = PBXGroup;
			children = (
				28381EDB26C7080500B10B61 /* List */,
				28381EDA26C707FB00B10B61 /* Main */,
			);
			path = Modules;
			sourceTree = "<group>";
		};
		28381EDA26C707FB00B10B61 /* Main */ = {
			isa = PBXGroup;
			children = (
				28381EDF26C7083400B10B61 /* Router */,
				28381EDE26C7082200B10B61 /* Presenter */,
				28381EDD26C7081500B10B61 /* Iteractor */,
				28381EDC26C7080E00B10B61 /* View */,
			);
			path = Main;
			sourceTree = "<group>";
		};
		28381EDB26C7080500B10B61 /* List */ = {
			isa = PBXGroup;
			children = (
			);
			path = List;
			sourceTree = "<group>";
		};
		28381EDC26C7080E00B10B61 /* View */ = {
			isa = PBXGroup;
			children = (
				28381EE126C7087400B10B61 /* MainViewController.swift */,
				284C03E126DEC8EB009B6221 /* MainViewControllerScreen.swift */,
			);
			path = View;
			sourceTree = "<group>";
		};
		28381EDD26C7081500B10B61 /* Iteractor */ = {
			isa = PBXGroup;
			children = (
				28381EEB26CFE04200B10B61 /* MainIteractor.swift */,
			);
			path = Iteractor;
			sourceTree = "<group>";
		};
		28381EDE26C7082200B10B61 /* Presenter */ = {
			isa = PBXGroup;
			children = (
				28381EE926CFDFCD00B10B61 /* MainPresenter.swift */,
			);
			path = Presenter;
			sourceTree = "<group>";
		};
		28381EDF26C7083400B10B61 /* Router */ = {
			isa = PBXGroup;
			children = (
				28381EE526C708B300B10B61 /* MainRouter.swift */,
			);
			path = Router;
			sourceTree = "<group>";
		};
		28381EE726CFDF0F00B10B61 /* Network */ = {
			isa = PBXGroup;
			children = (
				28381EF226CFEB0100B10B61 /* Service */,
				28381EE826CFDF1400B10B61 /* ApiRouter */,
			);
			path = Network;
			sourceTree = "<group>";
		};
		28381EE826CFDF1400B10B61 /* ApiRouter */ = {
			isa = PBXGroup;
			children = (
				28381EF026CFEA7400B10B61 /* APIRouter.swift */,
			);
			path = ApiRouter;
			sourceTree = "<group>";
		};
		28381EF226CFEB0100B10B61 /* Service */ = {
			isa = PBXGroup;
			children = (
				28381EF326CFEB3400B10B61 /* APIService.swift */,
			);
			path = Service;
			sourceTree = "<group>";
		};
		285392CD26F28C05009FB5CC /* extensions */ = {
			isa = PBXGroup;
			children = (
				285392CE26F28C21009FB5CC /* UIColor+extensions.swift */,
			);
			path = extensions;
			sourceTree = "<group>";
		};
		2866BC5926D590680042A8F0 /* Entity */ = {
			isa = PBXGroup;
			children = (
				28381EEE26CFE38A00B10B61 /* Currency.swift */,
			);
			path = Entity;
			sourceTree = "<group>";
		};
		2866BC6126D92AC60042A8F0 /* Common */ = {
			isa = PBXGroup;
			children = (
				28FACA1226DD25B80020B7D8 /* ViewCodeCore */,
				2866BC6226D92ACE0042A8F0 /* TableViewCore */,
			);
			path = Common;
			sourceTree = "<group>";
		};
		2866BC6226D92ACE0042A8F0 /* TableViewCore */ = {
			isa = PBXGroup;
			children = (
				2866BC6326D92AF10042A8F0 /* ReusableIdentifier.swift */,
				2866BC6626D92C960042A8F0 /* Section.swift */,
				2866BC6826D92CDB0042A8F0 /* SectionOutput.swift */,
				2866BC6A26D92E710042A8F0 /* SectionInput.swift */,
			);
			path = TableViewCore;
			sourceTree = "<group>";
		};
		28FACA1226DD25B80020B7D8 /* ViewCodeCore */ = {
			isa = PBXGroup;
			children = (
				28FACA1426DD25D80020B7D8 /* Template */,
				28FACA1326DD25CD0020B7D8 /* Components */,
			);
			path = ViewCodeCore;
			sourceTree = "<group>";
		};
		28FACA1326DD25CD0020B7D8 /* Components */ = {
			isa = PBXGroup;
			children = (
				284EBBDD26DD5011002BB88B /* ButtomContainerComponentView.swift */,
				284A898B26EF834A00FB88D5 /* TargetContainerComponentView.swift */,
				284A898D26EF8F6B00FB88D5 /* OrigimContainerComponentView.swift */,
				284A898F26EF980D00FB88D5 /* BtgLogoContainerComponentView.swift */,
			);
			path = Components;
			sourceTree = "<group>";
		};
		28FACA1426DD25D80020B7D8 /* Template */ = {
			isa = PBXGroup;
			children = (
				28FACA1526DD2C630020B7D8 /* CodeView.swift */,
			);
			path = Template;
			sourceTree = "<group>";
		};
		48B39053EEAD484F49DF583B /* Pods */ = {
			isa = PBXGroup;
			children = (
				8FC95840419CE13BA6EE5045 /* Pods-BTGPactualMobileChallenger.debug.xcconfig */,
				262C7CC39F35060E6D849E5F /* Pods-BTGPactualMobileChallenger.release.xcconfig */,
				1B43995B25D65290DA62FCE2 /* Pods-BTGPactualMobileChallenger-BTGPactualMobileChallengerUITests.debug.xcconfig */,
				77B33DFE69F8E6E54F5C2539 /* Pods-BTGPactualMobileChallenger-BTGPactualMobileChallengerUITests.release.xcconfig */,
				3379CEE49A2EAEFB33E1FA82 /* Pods-BTGPactualMobileChallengerTests.debug.xcconfig */,
				8396BDC4826F65E7A8E62FE2 /* Pods-BTGPactualMobileChallengerTests.release.xcconfig */,
			);
			path = Pods;
			sourceTree = "<group>";
		};
		6894B953E89A7DF7C568BC16 /* Frameworks */ = {
			isa = PBXGroup;
			children = (
				9967CC738D9FAC740F2BA72A /* Pods_BTGPactualMobileChallenger.framework */,
				F8CFA3403EBC3D0B0AA17826 /* Pods_BTGPactualMobileChallenger_BTGPactualMobileChallengerUITests.framework */,
				8E20741F50CAEC66F020FBDA /* Pods_BTGPactualMobileChallengerTests.framework */,
			);
			name = Frameworks;
			sourceTree = "<group>";
		};
/* End PBXGroup section */

/* Begin PBXNativeTarget section */
		28381EA426C7068F00B10B61 /* BTGPactualMobileChallenger */ = {
			isa = PBXNativeTarget;
			buildConfigurationList = 28381ECF26C7069200B10B61 /* Build configuration list for PBXNativeTarget "BTGPactualMobileChallenger" */;
			buildPhases = (
				2BD1579E0E575806EC77E38E /* [CP] Check Pods Manifest.lock */,
				28381EA126C7068F00B10B61 /* Sources */,
				28381EA226C7068F00B10B61 /* Frameworks */,
				28381EA326C7068F00B10B61 /* Resources */,
				A54720E9B45F04098940CD7D /* [CP] Embed Pods Frameworks */,
			);
			buildRules = (
			);
			dependencies = (
			);
			name = BTGPactualMobileChallenger;
			productName = BTGPactualMobileChallenger;
			productReference = 28381EA526C7068F00B10B61 /* BTGPactualMobileChallenger.app */;
			productType = "com.apple.product-type.application";
		};
		28381EBA26C7069200B10B61 /* BTGPactualMobileChallengerTests */ = {
			isa = PBXNativeTarget;
			buildConfigurationList = 28381ED226C7069200B10B61 /* Build configuration list for PBXNativeTarget "BTGPactualMobileChallengerTests" */;
			buildPhases = (
				FE43A465C9B65247164300C1 /* [CP] Check Pods Manifest.lock */,
				28381EB726C7069200B10B61 /* Sources */,
				28381EB826C7069200B10B61 /* Frameworks */,
				28381EB926C7069200B10B61 /* Resources */,
				B09E42354467F5124FDD6D2F /* [CP] Embed Pods Frameworks */,
			);
			buildRules = (
			);
			dependencies = (
				28381EBD26C7069200B10B61 /* PBXTargetDependency */,
			);
			name = BTGPactualMobileChallengerTests;
			productName = BTGPactualMobileChallengerTests;
			productReference = 28381EBB26C7069200B10B61 /* BTGPactualMobileChallengerTests.xctest */;
			productType = "com.apple.product-type.bundle.unit-test";
		};
		28381EC526C7069200B10B61 /* BTGPactualMobileChallengerUITests */ = {
			isa = PBXNativeTarget;
			buildConfigurationList = 28381ED526C7069200B10B61 /* Build configuration list for PBXNativeTarget "BTGPactualMobileChallengerUITests" */;
			buildPhases = (
				64E3B76F86E26F0E223E280E /* [CP] Check Pods Manifest.lock */,
				28381EC226C7069200B10B61 /* Sources */,
				28381EC326C7069200B10B61 /* Frameworks */,
				28381EC426C7069200B10B61 /* Resources */,
				772D83FD3D5BCC7CE432C157 /* [CP] Embed Pods Frameworks */,
			);
			buildRules = (
			);
			dependencies = (
				28381EC826C7069200B10B61 /* PBXTargetDependency */,
			);
			name = BTGPactualMobileChallengerUITests;
			productName = BTGPactualMobileChallengerUITests;
			productReference = 28381EC626C7069200B10B61 /* BTGPactualMobileChallengerUITests.xctest */;
			productType = "com.apple.product-type.bundle.ui-testing";
		};
/* End PBXNativeTarget section */

/* Begin PBXProject section */
		28381E9D26C7068F00B10B61 /* Project object */ = {
			isa = PBXProject;
			attributes = {
				LastSwiftUpdateCheck = 1250;
				LastUpgradeCheck = 1250;
				TargetAttributes = {
					28381EA426C7068F00B10B61 = {
						CreatedOnToolsVersion = 12.5.1;
					};
					28381EBA26C7069200B10B61 = {
						CreatedOnToolsVersion = 12.5.1;
						TestTargetID = 28381EA426C7068F00B10B61;
					};
					28381EC526C7069200B10B61 = {
						CreatedOnToolsVersion = 12.5.1;
						TestTargetID = 28381EA426C7068F00B10B61;
					};
				};
			};
			buildConfigurationList = 28381EA026C7068F00B10B61 /* Build configuration list for PBXProject "BTGPactualMobileChallenger" */;
			compatibilityVersion = "Xcode 9.3";
			developmentRegion = en;
			hasScannedForEncodings = 0;
			knownRegions = (
				en,
				Base,
			);
			mainGroup = 28381E9C26C7068F00B10B61;
			productRefGroup = 28381EA626C7068F00B10B61 /* Products */;
			projectDirPath = "";
			projectRoot = "";
			targets = (
				28381EA426C7068F00B10B61 /* BTGPactualMobileChallenger */,
				28381EBA26C7069200B10B61 /* BTGPactualMobileChallengerTests */,
				28381EC526C7069200B10B61 /* BTGPactualMobileChallengerUITests */,
			);
		};
/* End PBXProject section */

/* Begin PBXResourcesBuildPhase section */
		28381EA326C7068F00B10B61 /* Resources */ = {
			isa = PBXResourcesBuildPhase;
			buildActionMask = 2147483647;
			files = (
				28381EB526C7069200B10B61 /* LaunchScreen.storyboard in Resources */,
				28381EB226C7069200B10B61 /* Assets.xcassets in Resources */,
			);
			runOnlyForDeploymentPostprocessing = 0;
		};
		28381EB926C7069200B10B61 /* Resources */ = {
			isa = PBXResourcesBuildPhase;
			buildActionMask = 2147483647;
			files = (
			);
			runOnlyForDeploymentPostprocessing = 0;
		};
		28381EC426C7069200B10B61 /* Resources */ = {
			isa = PBXResourcesBuildPhase;
			buildActionMask = 2147483647;
			files = (
			);
			runOnlyForDeploymentPostprocessing = 0;
		};
/* End PBXResourcesBuildPhase section */

/* Begin PBXShellScriptBuildPhase section */
		2BD1579E0E575806EC77E38E /* [CP] Check Pods Manifest.lock */ = {
			isa = PBXShellScriptBuildPhase;
			buildActionMask = 2147483647;
			files = (
			);
			inputFileListPaths = (
			);
			inputPaths = (
				"${PODS_PODFILE_DIR_PATH}/Podfile.lock",
				"${PODS_ROOT}/Manifest.lock",
			);
			name = "[CP] Check Pods Manifest.lock";
			outputFileListPaths = (
			);
			outputPaths = (
				"$(DERIVED_FILE_DIR)/Pods-BTGPactualMobileChallenger-checkManifestLockResult.txt",
			);
			runOnlyForDeploymentPostprocessing = 0;
			shellPath = /bin/sh;
			shellScript = "diff \"${PODS_PODFILE_DIR_PATH}/Podfile.lock\" \"${PODS_ROOT}/Manifest.lock\" > /dev/null\nif [ $? != 0 ] ; then\n    # print error to STDERR\n    echo \"error: The sandbox is not in sync with the Podfile.lock. Run 'pod install' or update your CocoaPods installation.\" >&2\n    exit 1\nfi\n# This output is used by Xcode 'outputs' to avoid re-running this script phase.\necho \"SUCCESS\" > \"${SCRIPT_OUTPUT_FILE_0}\"\n";
			showEnvVarsInLog = 0;
		};
		64E3B76F86E26F0E223E280E /* [CP] Check Pods Manifest.lock */ = {
			isa = PBXShellScriptBuildPhase;
			buildActionMask = 2147483647;
			files = (
			);
			inputFileListPaths = (
			);
			inputPaths = (
				"${PODS_PODFILE_DIR_PATH}/Podfile.lock",
				"${PODS_ROOT}/Manifest.lock",
			);
			name = "[CP] Check Pods Manifest.lock";
			outputFileListPaths = (
			);
			outputPaths = (
				"$(DERIVED_FILE_DIR)/Pods-BTGPactualMobileChallenger-BTGPactualMobileChallengerUITests-checkManifestLockResult.txt",
			);
			runOnlyForDeploymentPostprocessing = 0;
			shellPath = /bin/sh;
			shellScript = "diff \"${PODS_PODFILE_DIR_PATH}/Podfile.lock\" \"${PODS_ROOT}/Manifest.lock\" > /dev/null\nif [ $? != 0 ] ; then\n    # print error to STDERR\n    echo \"error: The sandbox is not in sync with the Podfile.lock. Run 'pod install' or update your CocoaPods installation.\" >&2\n    exit 1\nfi\n# This output is used by Xcode 'outputs' to avoid re-running this script phase.\necho \"SUCCESS\" > \"${SCRIPT_OUTPUT_FILE_0}\"\n";
			showEnvVarsInLog = 0;
		};
		772D83FD3D5BCC7CE432C157 /* [CP] Embed Pods Frameworks */ = {
			isa = PBXShellScriptBuildPhase;
			buildActionMask = 2147483647;
			files = (
			);
			inputFileListPaths = (
				"${PODS_ROOT}/Target Support Files/Pods-BTGPactualMobileChallenger-BTGPactualMobileChallengerUITests/Pods-BTGPactualMobileChallenger-BTGPactualMobileChallengerUITests-frameworks-${CONFIGURATION}-input-files.xcfilelist",
			);
			name = "[CP] Embed Pods Frameworks";
			outputFileListPaths = (
				"${PODS_ROOT}/Target Support Files/Pods-BTGPactualMobileChallenger-BTGPactualMobileChallengerUITests/Pods-BTGPactualMobileChallenger-BTGPactualMobileChallengerUITests-frameworks-${CONFIGURATION}-output-files.xcfilelist",
			);
			runOnlyForDeploymentPostprocessing = 0;
			shellPath = /bin/sh;
			shellScript = "\"${PODS_ROOT}/Target Support Files/Pods-BTGPactualMobileChallenger-BTGPactualMobileChallengerUITests/Pods-BTGPactualMobileChallenger-BTGPactualMobileChallengerUITests-frameworks.sh\"\n";
			showEnvVarsInLog = 0;
		};
		A54720E9B45F04098940CD7D /* [CP] Embed Pods Frameworks */ = {
			isa = PBXShellScriptBuildPhase;
			buildActionMask = 2147483647;
			files = (
			);
			inputFileListPaths = (
				"${PODS_ROOT}/Target Support Files/Pods-BTGPactualMobileChallenger/Pods-BTGPactualMobileChallenger-frameworks-${CONFIGURATION}-input-files.xcfilelist",
			);
			name = "[CP] Embed Pods Frameworks";
			outputFileListPaths = (
				"${PODS_ROOT}/Target Support Files/Pods-BTGPactualMobileChallenger/Pods-BTGPactualMobileChallenger-frameworks-${CONFIGURATION}-output-files.xcfilelist",
			);
			runOnlyForDeploymentPostprocessing = 0;
			shellPath = /bin/sh;
			shellScript = "\"${PODS_ROOT}/Target Support Files/Pods-BTGPactualMobileChallenger/Pods-BTGPactualMobileChallenger-frameworks.sh\"\n";
			showEnvVarsInLog = 0;
		};
		B09E42354467F5124FDD6D2F /* [CP] Embed Pods Frameworks */ = {
			isa = PBXShellScriptBuildPhase;
			buildActionMask = 2147483647;
			files = (
			);
			inputFileListPaths = (
				"${PODS_ROOT}/Target Support Files/Pods-BTGPactualMobileChallengerTests/Pods-BTGPactualMobileChallengerTests-frameworks-${CONFIGURATION}-input-files.xcfilelist",
			);
			name = "[CP] Embed Pods Frameworks";
			outputFileListPaths = (
				"${PODS_ROOT}/Target Support Files/Pods-BTGPactualMobileChallengerTests/Pods-BTGPactualMobileChallengerTests-frameworks-${CONFIGURATION}-output-files.xcfilelist",
			);
			runOnlyForDeploymentPostprocessing = 0;
			shellPath = /bin/sh;
			shellScript = "\"${PODS_ROOT}/Target Support Files/Pods-BTGPactualMobileChallengerTests/Pods-BTGPactualMobileChallengerTests-frameworks.sh\"\n";
			showEnvVarsInLog = 0;
		};
		FE43A465C9B65247164300C1 /* [CP] Check Pods Manifest.lock */ = {
			isa = PBXShellScriptBuildPhase;
			buildActionMask = 2147483647;
			files = (
			);
			inputFileListPaths = (
			);
			inputPaths = (
				"${PODS_PODFILE_DIR_PATH}/Podfile.lock",
				"${PODS_ROOT}/Manifest.lock",
			);
			name = "[CP] Check Pods Manifest.lock";
			outputFileListPaths = (
			);
			outputPaths = (
				"$(DERIVED_FILE_DIR)/Pods-BTGPactualMobileChallengerTests-checkManifestLockResult.txt",
			);
			runOnlyForDeploymentPostprocessing = 0;
			shellPath = /bin/sh;
			shellScript = "diff \"${PODS_PODFILE_DIR_PATH}/Podfile.lock\" \"${PODS_ROOT}/Manifest.lock\" > /dev/null\nif [ $? != 0 ] ; then\n    # print error to STDERR\n    echo \"error: The sandbox is not in sync with the Podfile.lock. Run 'pod install' or update your CocoaPods installation.\" >&2\n    exit 1\nfi\n# This output is used by Xcode 'outputs' to avoid re-running this script phase.\necho \"SUCCESS\" > \"${SCRIPT_OUTPUT_FILE_0}\"\n";
			showEnvVarsInLog = 0;
		};
/* End PBXShellScriptBuildPhase section */

/* Begin PBXSourcesBuildPhase section */
		28381EA126C7068F00B10B61 /* Sources */ = {
			isa = PBXSourcesBuildPhase;
			buildActionMask = 2147483647;
			files = (
				2866BC6926D92CDB0042A8F0 /* SectionOutput.swift in Sources */,
				284EBBDE26DD5011002BB88B /* ButtomContainerComponentView.swift in Sources */,
				28381EEA26CFDFCD00B10B61 /* MainPresenter.swift in Sources */,
				28381EE326C7087400B10B61 /* MainViewController.swift in Sources */,
				28FACA1626DD2C630020B7D8 /* CodeView.swift in Sources */,
				284A898E26EF8F6B00FB88D5 /* OrigimContainerComponentView.swift in Sources */,
				28381EEC26CFE04200B10B61 /* MainIteractor.swift in Sources */,
				285392CF26F28C21009FB5CC /* UIColor+extensions.swift in Sources */,
				28381EE626C708B300B10B61 /* MainRouter.swift in Sources */,
				28381EA926C7068F00B10B61 /* AppDelegate.swift in Sources */,
				2866BC6B26D92E710042A8F0 /* SectionInput.swift in Sources */,
				28381EF126CFEA7400B10B61 /* APIRouter.swift in Sources */,
				284A898C26EF834A00FB88D5 /* TargetContainerComponentView.swift in Sources */,
				2866BC6426D92AF10042A8F0 /* ReusableIdentifier.swift in Sources */,
				28381EEF26CFE38A00B10B61 /* Currency.swift in Sources */,
				2866BC6726D92C960042A8F0 /* Section.swift in Sources */,
				284C03E226DEC8EB009B6221 /* MainViewControllerScreen.swift in Sources */,
				28381EF426CFEB3400B10B61 /* APIService.swift in Sources */,
				284A899026EF980D00FB88D5 /* BtgLogoContainerComponentView.swift in Sources */,
				28381EAB26C7068F00B10B61 /* SceneDelegate.swift in Sources */,
			);
			runOnlyForDeploymentPostprocessing = 0;
		};
		28381EB726C7069200B10B61 /* Sources */ = {
			isa = PBXSourcesBuildPhase;
			buildActionMask = 2147483647;
			files = (
				284EBBE026DD5249002BB88B /* DropDownComponentViewSpec.swift in Sources */,
				28381EC026C7069200B10B61 /* BTGPactualMobileChallengerTests.swift in Sources */,
				284C03E426DECA85009B6221 /* MainViewControllerScreenSpec.swift in Sources */,
			);
			runOnlyForDeploymentPostprocessing = 0;
		};
		28381EC226C7069200B10B61 /* Sources */ = {
			isa = PBXSourcesBuildPhase;
			buildActionMask = 2147483647;
			files = (
				28381ECB26C7069200B10B61 /* BTGPactualMobileChallengerUITests.swift in Sources */,
			);
			runOnlyForDeploymentPostprocessing = 0;
		};
/* End PBXSourcesBuildPhase section */

/* Begin PBXTargetDependency section */
		28381EBD26C7069200B10B61 /* PBXTargetDependency */ = {
			isa = PBXTargetDependency;
			target = 28381EA426C7068F00B10B61 /* BTGPactualMobileChallenger */;
			targetProxy = 28381EBC26C7069200B10B61 /* PBXContainerItemProxy */;
		};
		28381EC826C7069200B10B61 /* PBXTargetDependency */ = {
			isa = PBXTargetDependency;
			target = 28381EA426C7068F00B10B61 /* BTGPactualMobileChallenger */;
			targetProxy = 28381EC726C7069200B10B61 /* PBXContainerItemProxy */;
		};
/* End PBXTargetDependency section */

/* Begin PBXVariantGroup section */
		28381EB326C7069200B10B61 /* LaunchScreen.storyboard */ = {
			isa = PBXVariantGroup;
			children = (
				28381EB426C7069200B10B61 /* Base */,
			);
			name = LaunchScreen.storyboard;
			sourceTree = "<group>";
		};
/* End PBXVariantGroup section */

/* Begin XCBuildConfiguration section */
		28381ECD26C7069200B10B61 /* Debug */ = {
			isa = XCBuildConfiguration;
			buildSettings = {
				ALWAYS_SEARCH_USER_PATHS = NO;
				CLANG_ANALYZER_NONNULL = YES;
				CLANG_ANALYZER_NUMBER_OBJECT_CONVERSION = YES_AGGRESSIVE;
				CLANG_CXX_LANGUAGE_STANDARD = "gnu++14";
				CLANG_CXX_LIBRARY = "libc++";
				CLANG_ENABLE_MODULES = YES;
				CLANG_ENABLE_OBJC_ARC = YES;
				CLANG_ENABLE_OBJC_WEAK = YES;
				CLANG_WARN_BLOCK_CAPTURE_AUTORELEASING = YES;
				CLANG_WARN_BOOL_CONVERSION = YES;
				CLANG_WARN_COMMA = YES;
				CLANG_WARN_CONSTANT_CONVERSION = YES;
				CLANG_WARN_DEPRECATED_OBJC_IMPLEMENTATIONS = YES;
				CLANG_WARN_DIRECT_OBJC_ISA_USAGE = YES_ERROR;
				CLANG_WARN_DOCUMENTATION_COMMENTS = YES;
				CLANG_WARN_EMPTY_BODY = YES;
				CLANG_WARN_ENUM_CONVERSION = YES;
				CLANG_WARN_INFINITE_RECURSION = YES;
				CLANG_WARN_INT_CONVERSION = YES;
				CLANG_WARN_NON_LITERAL_NULL_CONVERSION = YES;
				CLANG_WARN_OBJC_IMPLICIT_RETAIN_SELF = YES;
				CLANG_WARN_OBJC_LITERAL_CONVERSION = YES;
				CLANG_WARN_OBJC_ROOT_CLASS = YES_ERROR;
				CLANG_WARN_QUOTED_INCLUDE_IN_FRAMEWORK_HEADER = YES;
				CLANG_WARN_RANGE_LOOP_ANALYSIS = YES;
				CLANG_WARN_STRICT_PROTOTYPES = YES;
				CLANG_WARN_SUSPICIOUS_MOVE = YES;
				CLANG_WARN_UNGUARDED_AVAILABILITY = YES_AGGRESSIVE;
				CLANG_WARN_UNREACHABLE_CODE = YES;
				CLANG_WARN__DUPLICATE_METHOD_MATCH = YES;
				COPY_PHASE_STRIP = NO;
				DEBUG_INFORMATION_FORMAT = dwarf;
				ENABLE_STRICT_OBJC_MSGSEND = YES;
				ENABLE_TESTABILITY = YES;
				GCC_C_LANGUAGE_STANDARD = gnu11;
				GCC_DYNAMIC_NO_PIC = NO;
				GCC_NO_COMMON_BLOCKS = YES;
				GCC_OPTIMIZATION_LEVEL = 0;
				GCC_PREPROCESSOR_DEFINITIONS = (
					"DEBUG=1",
					"$(inherited)",
				);
				GCC_WARN_64_TO_32_BIT_CONVERSION = YES;
				GCC_WARN_ABOUT_RETURN_TYPE = YES_ERROR;
				GCC_WARN_UNDECLARED_SELECTOR = YES;
				GCC_WARN_UNINITIALIZED_AUTOS = YES_AGGRESSIVE;
				GCC_WARN_UNUSED_FUNCTION = YES;
				GCC_WARN_UNUSED_VARIABLE = YES;
				IPHONEOS_DEPLOYMENT_TARGET = 14.5;
				MTL_ENABLE_DEBUG_INFO = INCLUDE_SOURCE;
				MTL_FAST_MATH = YES;
				ONLY_ACTIVE_ARCH = YES;
				SDKROOT = iphoneos;
				SWIFT_ACTIVE_COMPILATION_CONDITIONS = DEBUG;
				SWIFT_OPTIMIZATION_LEVEL = "-Onone";
			};
			name = Debug;
		};
		28381ECE26C7069200B10B61 /* Release */ = {
			isa = XCBuildConfiguration;
			buildSettings = {
				ALWAYS_SEARCH_USER_PATHS = NO;
				CLANG_ANALYZER_NONNULL = YES;
				CLANG_ANALYZER_NUMBER_OBJECT_CONVERSION = YES_AGGRESSIVE;
				CLANG_CXX_LANGUAGE_STANDARD = "gnu++14";
				CLANG_CXX_LIBRARY = "libc++";
				CLANG_ENABLE_MODULES = YES;
				CLANG_ENABLE_OBJC_ARC = YES;
				CLANG_ENABLE_OBJC_WEAK = YES;
				CLANG_WARN_BLOCK_CAPTURE_AUTORELEASING = YES;
				CLANG_WARN_BOOL_CONVERSION = YES;
				CLANG_WARN_COMMA = YES;
				CLANG_WARN_CONSTANT_CONVERSION = YES;
				CLANG_WARN_DEPRECATED_OBJC_IMPLEMENTATIONS = YES;
				CLANG_WARN_DIRECT_OBJC_ISA_USAGE = YES_ERROR;
				CLANG_WARN_DOCUMENTATION_COMMENTS = YES;
				CLANG_WARN_EMPTY_BODY = YES;
				CLANG_WARN_ENUM_CONVERSION = YES;
				CLANG_WARN_INFINITE_RECURSION = YES;
				CLANG_WARN_INT_CONVERSION = YES;
				CLANG_WARN_NON_LITERAL_NULL_CONVERSION = YES;
				CLANG_WARN_OBJC_IMPLICIT_RETAIN_SELF = YES;
				CLANG_WARN_OBJC_LITERAL_CONVERSION = YES;
				CLANG_WARN_OBJC_ROOT_CLASS = YES_ERROR;
				CLANG_WARN_QUOTED_INCLUDE_IN_FRAMEWORK_HEADER = YES;
				CLANG_WARN_RANGE_LOOP_ANALYSIS = YES;
				CLANG_WARN_STRICT_PROTOTYPES = YES;
				CLANG_WARN_SUSPICIOUS_MOVE = YES;
				CLANG_WARN_UNGUARDED_AVAILABILITY = YES_AGGRESSIVE;
				CLANG_WARN_UNREACHABLE_CODE = YES;
				CLANG_WARN__DUPLICATE_METHOD_MATCH = YES;
				COPY_PHASE_STRIP = NO;
				DEBUG_INFORMATION_FORMAT = "dwarf-with-dsym";
				ENABLE_NS_ASSERTIONS = NO;
				ENABLE_STRICT_OBJC_MSGSEND = YES;
				GCC_C_LANGUAGE_STANDARD = gnu11;
				GCC_NO_COMMON_BLOCKS = YES;
				GCC_WARN_64_TO_32_BIT_CONVERSION = YES;
				GCC_WARN_ABOUT_RETURN_TYPE = YES_ERROR;
				GCC_WARN_UNDECLARED_SELECTOR = YES;
				GCC_WARN_UNINITIALIZED_AUTOS = YES_AGGRESSIVE;
				GCC_WARN_UNUSED_FUNCTION = YES;
				GCC_WARN_UNUSED_VARIABLE = YES;
				IPHONEOS_DEPLOYMENT_TARGET = 14.5;
				MTL_ENABLE_DEBUG_INFO = NO;
				MTL_FAST_MATH = YES;
				SDKROOT = iphoneos;
				SWIFT_COMPILATION_MODE = wholemodule;
				SWIFT_OPTIMIZATION_LEVEL = "-O";
				VALIDATE_PRODUCT = YES;
			};
			name = Release;
		};
		28381ED026C7069200B10B61 /* Debug */ = {
			isa = XCBuildConfiguration;
			baseConfigurationReference = 8FC95840419CE13BA6EE5045 /* Pods-BTGPactualMobileChallenger.debug.xcconfig */;
			buildSettings = {
				ALWAYS_EMBED_SWIFT_STANDARD_LIBRARIES = "$(inherited)";
				ASSETCATALOG_COMPILER_APPICON_NAME = AppIcon;
				ASSETCATALOG_COMPILER_GLOBAL_ACCENT_COLOR_NAME = AccentColor;
				CODE_SIGN_IDENTITY = "Apple Development";
				CODE_SIGN_STYLE = Manual;
				DEVELOPMENT_TEAM = "";
				INFOPLIST_FILE = BTGPactualMobileChallenger/Info.plist;
				LD_RUNPATH_SEARCH_PATHS = (
					"$(inherited)",
					"@executable_path/Frameworks",
				);
				PRODUCT_BUNDLE_IDENTIFIER = br.com.miyahira.BTGPactualMobileChallenger;
				PRODUCT_NAME = "$(TARGET_NAME)";
				PROVISIONING_PROFILE_SPECIFIER = "";
				SWIFT_VERSION = 5.0;
				TARGETED_DEVICE_FAMILY = "1,2";
			};
			name = Debug;
		};
		28381ED126C7069200B10B61 /* Release */ = {
			isa = XCBuildConfiguration;
			baseConfigurationReference = 262C7CC39F35060E6D849E5F /* Pods-BTGPactualMobileChallenger.release.xcconfig */;
			buildSettings = {
				ALWAYS_EMBED_SWIFT_STANDARD_LIBRARIES = "$(inherited)";
				ASSETCATALOG_COMPILER_APPICON_NAME = AppIcon;
				ASSETCATALOG_COMPILER_GLOBAL_ACCENT_COLOR_NAME = AccentColor;
				CODE_SIGN_IDENTITY = "Apple Development";
				CODE_SIGN_STYLE = Manual;
				DEVELOPMENT_TEAM = "";
				INFOPLIST_FILE = BTGPactualMobileChallenger/Info.plist;
				LD_RUNPATH_SEARCH_PATHS = (
					"$(inherited)",
					"@executable_path/Frameworks",
				);
				PRODUCT_BUNDLE_IDENTIFIER = br.com.miyahira.BTGPactualMobileChallenger;
				PRODUCT_NAME = "$(TARGET_NAME)";
				PROVISIONING_PROFILE_SPECIFIER = "";
				SWIFT_VERSION = 5.0;
				TARGETED_DEVICE_FAMILY = "1,2";
			};
			name = Release;
		};
		28381ED326C7069200B10B61 /* Debug */ = {
			isa = XCBuildConfiguration;
			baseConfigurationReference = 3379CEE49A2EAEFB33E1FA82 /* Pods-BTGPactualMobileChallengerTests.debug.xcconfig */;
			buildSettings = {
				ALWAYS_EMBED_SWIFT_STANDARD_LIBRARIES = "$(inherited)";
				BUNDLE_LOADER = "$(TEST_HOST)";
				CODE_SIGN_STYLE = Manual;
				DEVELOPMENT_TEAM = "";
				INFOPLIST_FILE = BTGPactualMobileChallengerTests/Info.plist;
				IPHONEOS_DEPLOYMENT_TARGET = 14.5;
				LD_RUNPATH_SEARCH_PATHS = (
					"$(inherited)",
					"@executable_path/Frameworks",
					"@loader_path/Frameworks",
				);
				PRODUCT_BUNDLE_IDENTIFIER = br.com.miyahira.BTGPactualMobileChallengerTests;
				PRODUCT_NAME = "$(TARGET_NAME)";
				PROVISIONING_PROFILE_SPECIFIER = "";
				"PROVISIONING_PROFILE_SPECIFIER[sdk=macosx*]" = "";
				SWIFT_VERSION = 5.0;
				TARGETED_DEVICE_FAMILY = "1,2";
				TEST_HOST = "$(BUILT_PRODUCTS_DIR)/BTGPactualMobileChallenger.app/BTGPactualMobileChallenger";
			};
			name = Debug;
		};
		28381ED426C7069200B10B61 /* Release */ = {
			isa = XCBuildConfiguration;
			baseConfigurationReference = 8396BDC4826F65E7A8E62FE2 /* Pods-BTGPactualMobileChallengerTests.release.xcconfig */;
			buildSettings = {
				ALWAYS_EMBED_SWIFT_STANDARD_LIBRARIES = "$(inherited)";
				BUNDLE_LOADER = "$(TEST_HOST)";
				CODE_SIGN_STYLE = Manual;
				DEVELOPMENT_TEAM = "";
				INFOPLIST_FILE = BTGPactualMobileChallengerTests/Info.plist;
				IPHONEOS_DEPLOYMENT_TARGET = 14.5;
				LD_RUNPATH_SEARCH_PATHS = (
					"$(inherited)",
					"@executable_path/Frameworks",
					"@loader_path/Frameworks",
				);
				PRODUCT_BUNDLE_IDENTIFIER = br.com.miyahira.BTGPactualMobileChallengerTests;
				PRODUCT_NAME = "$(TARGET_NAME)";
				PROVISIONING_PROFILE_SPECIFIER = "";
				"PROVISIONING_PROFILE_SPECIFIER[sdk=macosx*]" = "";
				SWIFT_VERSION = 5.0;
				TARGETED_DEVICE_FAMILY = "1,2";
				TEST_HOST = "$(BUILT_PRODUCTS_DIR)/BTGPactualMobileChallenger.app/BTGPactualMobileChallenger";
			};
			name = Release;
		};
		28381ED626C7069200B10B61 /* Debug */ = {
			isa = XCBuildConfiguration;
			baseConfigurationReference = 1B43995B25D65290DA62FCE2 /* Pods-BTGPactualMobileChallenger-BTGPactualMobileChallengerUITests.debug.xcconfig */;
			buildSettings = {
				ALWAYS_EMBED_SWIFT_STANDARD_LIBRARIES = "$(inherited)";
				CODE_SIGN_STYLE = Automatic;
				DEVELOPMENT_TEAM = "";
				INFOPLIST_FILE = BTGPactualMobileChallengerUITests/Info.plist;
				LD_RUNPATH_SEARCH_PATHS = (
					"$(inherited)",
					"@executable_path/Frameworks",
					"@loader_path/Frameworks",
				);
				PRODUCT_BUNDLE_IDENTIFIER = br.com.miyahira.BTGPactualMobileChallengerUITests;
				PRODUCT_NAME = "$(TARGET_NAME)";
				SWIFT_VERSION = 5.0;
				TARGETED_DEVICE_FAMILY = "1,2";
				TEST_TARGET_NAME = BTGPactualMobileChallenger;
			};
			name = Debug;
		};
		28381ED726C7069200B10B61 /* Release */ = {
			isa = XCBuildConfiguration;
			baseConfigurationReference = 77B33DFE69F8E6E54F5C2539 /* Pods-BTGPactualMobileChallenger-BTGPactualMobileChallengerUITests.release.xcconfig */;
			buildSettings = {
				ALWAYS_EMBED_SWIFT_STANDARD_LIBRARIES = "$(inherited)";
				CODE_SIGN_STYLE = Automatic;
				DEVELOPMENT_TEAM = "";
				INFOPLIST_FILE = BTGPactualMobileChallengerUITests/Info.plist;
				LD_RUNPATH_SEARCH_PATHS = (
					"$(inherited)",
					"@executable_path/Frameworks",
					"@loader_path/Frameworks",
				);
				PRODUCT_BUNDLE_IDENTIFIER = br.com.miyahira.BTGPactualMobileChallengerUITests;
				PRODUCT_NAME = "$(TARGET_NAME)";
				SWIFT_VERSION = 5.0;
				TARGETED_DEVICE_FAMILY = "1,2";
				TEST_TARGET_NAME = BTGPactualMobileChallenger;
			};
			name = Release;
		};
/* End XCBuildConfiguration section */

/* Begin XCConfigurationList section */
		28381EA026C7068F00B10B61 /* Build configuration list for PBXProject "BTGPactualMobileChallenger" */ = {
			isa = XCConfigurationList;
			buildConfigurations = (
				28381ECD26C7069200B10B61 /* Debug */,
				28381ECE26C7069200B10B61 /* Release */,
			);
			defaultConfigurationIsVisible = 0;
			defaultConfigurationName = Release;
		};
		28381ECF26C7069200B10B61 /* Build configuration list for PBXNativeTarget "BTGPactualMobileChallenger" */ = {
			isa = XCConfigurationList;
			buildConfigurations = (
				28381ED026C7069200B10B61 /* Debug */,
				28381ED126C7069200B10B61 /* Release */,
			);
			defaultConfigurationIsVisible = 0;
			defaultConfigurationName = Release;
		};
		28381ED226C7069200B10B61 /* Build configuration list for PBXNativeTarget "BTGPactualMobileChallengerTests" */ = {
			isa = XCConfigurationList;
			buildConfigurations = (
				28381ED326C7069200B10B61 /* Debug */,
				28381ED426C7069200B10B61 /* Release */,
			);
			defaultConfigurationIsVisible = 0;
			defaultConfigurationName = Release;
		};
		28381ED526C7069200B10B61 /* Build configuration list for PBXNativeTarget "BTGPactualMobileChallengerUITests" */ = {
			isa = XCConfigurationList;
			buildConfigurations = (
				28381ED626C7069200B10B61 /* Debug */,
				28381ED726C7069200B10B61 /* Release */,
			);
			defaultConfigurationIsVisible = 0;
			defaultConfigurationName = Release;
		};
/* End XCConfigurationList section */
	};
	rootObject = 28381E9D26C7068F00B10B61 /* Project object */;
}
